annotated-types==0.7.0
anyio==4.14.2
click==8.4.2
fastapi==0.115.6
h11==0.16.0
httptools==0.8.0
idna==3.18
pydantic==2.7.1
pydantic-core==2.18.2
python-dotenv==1.2.2
pyyaml==6.0.3
starlette==0.41.3
typing-extensions==4.16.0
uvicorn[standard]==0.32.1
uvloop==0.22.1
watchfiles==1.2.0
websockets==16.1
